
Microsoft Visual Studio Solution File, Format Version 12.00
# Visual Studio Version 17
VisualStudioVersion = 17.14.36121.58
MinimumVisualStudioVersion = 10.0.40219.1
Project("{FAE04EC0-301F-11D3-BF4B-00C04F79EFBC}") = "ToradexSwLoader", "ToradexSwLoader\ToradexSwLoader.csproj", "{81B45E58-5F28-4431-9BD1-7693A66207EA}"
EndProject
Global
	GlobalSection(SolutionConfigurationPlatforms) = preSolution
		Debug|Any CPU = Debug|Any CPU
		Release|Any CPU = Release|Any CPU
	EndGlobalSection
	GlobalSection(ProjectConfigurationPlatforms) = postSolution
		{81B45E58-5F28-4431-9BD1-7693A66207EA}.Debug|Any CPU.ActiveCfg = Debug|Any CPU
		{81B45E58-5F28-4431-9BD1-7693A66207EA}.Debug|Any CPU.Build.0 = Debug|Any CPU
		{81B45E58-5F28-4431-9BD1-7693A66207EA}.Release|Any CPU.ActiveCfg = Release|Any CPU
		{81B45E58-5F28-4431-9BD1-7693A66207EA}.Release|Any CPU.Build.0 = Release|Any CPU
	EndGlobalSection
	GlobalSection(SolutionProperties) = preSolution
		HideSolutionNode = FALSE
	EndGlobalSection
	GlobalSection(ExtensibilityGlobals) = postSolution
		SolutionGuid = {8344472F-B885-437F-BA9A-5D447EDD17A0}
	EndGlobalSection
EndGlobal
